
Microsoft Visual Studio Solution File, Format Version 12.00
# Visual Studio Version 16
VisualStudioVersion = 16.0.30717.126
MinimumVisualStudioVersion = 10.0.40219.1
Project("{FAE04EC0-301F-11D3-BF4B-00C04F79EFBC}") = "SimpleAppium", "SimpleAppium\SimpleAppium.csproj", "{F1996410-A42A-4474-AB41-8D6B2AFA39C4}"
EndProject
Global
	GlobalSection(SolutionConfigurationPlatforms) = preSolution
		Debug|Any CPU = Debug|Any CPU
		Release|Any CPU = Release|Any CPU
	EndGlobalSection
	GlobalSection(ProjectConfigurationPlatforms) = postSolution
		{F1996410-A42A-4474-AB41-8D6B2AFA39C4}.Debug|Any CPU.ActiveCfg = Debug|Any CPU
		{F1996410-A42A-4474-AB41-8D6B2AFA39C4}.Debug|Any CPU.Build.0 = Debug|Any CPU
		{F1996410-A42A-4474-AB41-8D6B2AFA39C4}.Release|Any CPU.ActiveCfg = Release|Any CPU
		{F1996410-A42A-4474-AB41-8D6B2AFA39C4}.Release|Any CPU.Build.0 = Release|Any CPU
	EndGlobalSection
	GlobalSection(SolutionProperties) = preSolution
		HideSolutionNode = FALSE
	EndGlobalSection
	GlobalSection(ExtensibilityGlobals) = postSolution
		SolutionGuid = {A7E97936-1806-469B-9352-6C0A3ADCAD6E}
	EndGlobalSection
EndGlobal
